
Microsoft Visual Studio Solution File, Format Version 12.00
# Visual Studio Version 16
VisualStudioVersion = 16.0.29424.173
MinimumVisualStudioVersion = 10.0.40219.1
Project("{FAE04EC0-301F-11D3-BF4B-00C04F79EFBC}") = "Restaurant_Fase3", "Restaurant_Fase3\Restaurant_Fase3.csproj", "{10190842-C6ED-4AE9-A4B7-E0F414A3791B}"
EndProject
Global
	GlobalSection(SolutionConfigurationPlatforms) = preSolution
		Debug|Any CPU = Debug|Any CPU
		Release|Any CPU = Release|Any CPU
	EndGlobalSection
	GlobalSection(ProjectConfigurationPlatforms) = postSolution
		{10190842-C6ED-4AE9-A4B7-E0F414A3791B}.Debug|Any CPU.ActiveCfg = Debug|Any CPU
		{10190842-C6ED-4AE9-A4B7-E0F414A3791B}.Debug|Any CPU.Build.0 = Debug|Any CPU
		{10190842-C6ED-4AE9-A4B7-E0F414A3791B}.Release|Any CPU.ActiveCfg = Release|Any CPU
		{10190842-C6ED-4AE9-A4B7-E0F414A3791B}.Release|Any CPU.Build.0 = Release|Any CPU
	EndGlobalSection
	GlobalSection(SolutionProperties) = preSolution
		HideSolutionNode = FALSE
	EndGlobalSection
	GlobalSection(ExtensibilityGlobals) = postSolution
		SolutionGuid = {70F97175-58BA-4CB2-982B-3946B937B5C8}
	EndGlobalSection
EndGlobal
